PODS:
  - Bolts (1.8.4):
    - Bolts/AppLinks (= 1.8.4)
    - Bolts/Tasks (= 1.8.4)
  - Bolts/AppLinks (1.8.4):
    - Bolts/Tasks
  - Bolts/Tasks (1.8.4)
  - FBSDKCoreKit (4.23.0):
    - Bolts (~> 1.7)
  - FBSDKLoginKit (4.23.0):
    - FBSDKCoreKit
  - Firebase/Auth (4.0.4):
    - Firebase/Core
    - FirebaseAuth (= 4.0.0)
  - Firebase/Core (4.0.4):
    - FirebaseAnalytics (= 4.0.2)
    - FirebaseCore (= 4.0.4)
  - Firebase/Database (4.0.4):
    - Firebase/Core
    - FirebaseDatabase (= 4.0.0)
  - FirebaseAnalytics (4.0.2):
    - FirebaseCore (~> 4.0)
    - FirebaseInstanceID (~> 2.0)
    - GoogleToolboxForMac/NSData+zlib (~> 2.1)
  - FirebaseAuth (4.0.0):
    - FirebaseAnalytics (~> 4.0)
    - GoogleToolboxForMac/NSDictionary+URLArguments (~> 2.1)
    - GTMSessionFetcher/Core (~> 1.1)
  - FirebaseCore (4.0.4):
    - GoogleToolboxForMac/NSData+zlib (~> 2.1)
    - nanopb (~> 0.3)
  - FirebaseDatabase (4.0.0):
    - FirebaseAnalytics (~> 4.0)
  - FirebaseInstanceID (2.0.0):
    - FirebaseCore (~> 4.0)
  - FirebaseUI/Auth (4.1.1):
    - Firebase/Auth
  - FirebaseUI/Facebook (4.1.1):
    - FBSDKLoginKit (~> 4.0)
    - FirebaseUI/Auth
  - FirebaseUI/Google (4.1.1):
    - FirebaseUI/Auth
    - GoogleSignIn (~> 4.0)
  - GoogleSignIn (4.0.2):
    - GoogleToolboxForMac/NSDictionary+URLArguments (~> 2.1)
    - GoogleToolboxForMac/NSString+URLArguments (~> 2.1)
    - GTMOAuth2 (~> 1.0)
    - GTMSessionFetcher/Core (~> 1.1)
  - GoogleToolboxForMac/DebugUtils (2.1.1):
    - GoogleToolboxForMac/Defines (= 2.1.1)
  - GoogleToolboxForMac/Defines (2.1.1)
  - GoogleToolboxForMac/NSData+zlib (2.1.1):
    - GoogleToolboxForMac/Defines (= 2.1.1)
  - GoogleToolboxForMac/NSDictionary+URLArguments (2.1.1):
    - GoogleToolboxForMac/DebugUtils (= 2.1.1)
    - GoogleToolboxForMac/Defines (= 2.1.1)
    - GoogleToolboxForMac/NSString+URLArguments (= 2.1.1)
  - GoogleToolboxForMac/NSString+URLArguments (2.1.1)
  - GTMOAuth2 (1.1.4):
    - GTMSessionFetcher (~> 1.1)
  - GTMSessionFetcher (1.1.10):
    - GTMSessionFetcher/Full (= 1.1.10)
  - GTMSessionFetcher/Core (1.1.10)
  - GTMSessionFetcher/Full (1.1.10):
    - GTMSessionFetcher/Core (= 1.1.10)
  - MaterialComponents/AppBar (26.0.0):
    - MaterialComponents/AppBar/ColorThemer (= 26.0.0)
    - MaterialComponents/AppBar/Component (= 26.0.0)
  - MaterialComponents/AppBar/ColorThemer (26.0.0):
    - MaterialComponents/AppBar/Component
    - MaterialComponents/Themes
  - MaterialComponents/AppBar/Component (26.0.0):
    - MaterialComponents/FlexibleHeader
    - MaterialComponents/HeaderStackView
    - MaterialComponents/NavigationBar
    - MaterialComponents/private/Icons/ic_arrow_back
    - MaterialComponents/private/RTL
    - MaterialComponents/ShadowElevations
    - MaterialComponents/ShadowLayer
    - MaterialComponents/Typography
  - MaterialComponents/ButtonBar/Component (26.0.0):
    - MaterialComponents/Buttons
    - MaterialComponents/private/RTL
  - MaterialComponents/Buttons (26.0.0):
    - MaterialComponents/Buttons/ColorThemer (= 26.0.0)
    - MaterialComponents/Buttons/Component (= 26.0.0)
    - MaterialComponents/Buttons/TitleColorAccessibilityMutator (= 26.0.0)
    - MaterialComponents/Ink
    - MaterialComponents/private/Math
    - MaterialComponents/ShadowElevations
    - MaterialComponents/ShadowLayer
    - MaterialComponents/Typography
    - MDFTextAccessibility
  - MaterialComponents/Buttons/ColorThemer (26.0.0):
    - MaterialComponents/Buttons/Component
    - MaterialComponents/Ink
    - MaterialComponents/private/Math
    - MaterialComponents/ShadowElevations
    - MaterialComponents/ShadowLayer
    - MaterialComponents/Themes
    - MaterialComponents/Typography
    - MDFTextAccessibility
  - MaterialComponents/Buttons/Component (26.0.0):
    - MaterialComponents/Ink
    - MaterialComponents/private/Math
    - MaterialComponents/ShadowElevations
    - MaterialComponents/ShadowLayer
    - MaterialComponents/Typography
    - MDFTextAccessibility
  - MaterialComponents/Buttons/TitleColorAccessibilityMutator (26.0.0):
    - MaterialComponents/Buttons/Component
    - MaterialComponents/Ink
    - MaterialComponents/private/Math
    - MaterialComponents/ShadowElevations
    - MaterialComponents/ShadowLayer
    - MaterialComponents/Typography
    - MDFTextAccessibility
  - MaterialComponents/FlexibleHeader (26.0.0):
    - MaterialComponents/FlexibleHeader/ColorThemer (= 26.0.0)
    - MaterialComponents/FlexibleHeader/Component (= 26.0.0)
    - MaterialComponents/private/Application
    - MDFTextAccessibility
  - MaterialComponents/FlexibleHeader/ColorThemer (26.0.0):
    - MaterialComponents/FlexibleHeader/Component
    - MaterialComponents/private/Application
    - MaterialComponents/Themes
    - MDFTextAccessibility
  - MaterialComponents/FlexibleHeader/Component (26.0.0):
    - MaterialComponents/private/Application
    - MDFTextAccessibility
  - MaterialComponents/HeaderStackView (26.0.0):
    - MaterialComponents/HeaderStackView/ColorThemer (= 26.0.0)
    - MaterialComponents/HeaderStackView/Component (= 26.0.0)
  - MaterialComponents/HeaderStackView/ColorThemer (26.0.0):
    - MaterialComponents/HeaderStackView/Component
    - MaterialComponents/Themes
  - MaterialComponents/HeaderStackView/Component (26.0.0)
  - MaterialComponents/Ink (26.0.0):
    - MaterialComponents/Ink/ColorThemer (= 26.0.0)
    - MaterialComponents/Ink/Component (= 26.0.0)
  - MaterialComponents/Ink/ColorThemer (26.0.0):
    - MaterialComponents/Ink/Component
    - MaterialComponents/Themes
  - MaterialComponents/Ink/Component (26.0.0)
  - MaterialComponents/NavigationBar (26.0.0):
    - MaterialComponents/NavigationBar/ColorThemer (= 26.0.0)
    - MaterialComponents/NavigationBar/Component (= 26.0.0)
  - MaterialComponents/NavigationBar/ColorThemer (26.0.0):
    - MaterialComponents/NavigationBar/Component
    - MaterialComponents/Themes
  - MaterialComponents/NavigationBar/Component (26.0.0):
    - MaterialComponents/ButtonBar/Component
    - MaterialComponents/private/Math
    - MaterialComponents/private/RTL
    - MaterialComponents/Typography
    - MDFTextAccessibility
  - MaterialComponents/private/Application (26.0.0)
  - MaterialComponents/private/Icons/Base (26.0.0)
  - MaterialComponents/private/Icons/ic_arrow_back (26.0.0):
    - MaterialComponents/private/Icons/Base
  - MaterialComponents/private/Math (26.0.0)
  - MaterialComponents/private/RTL (26.0.0)
  - MaterialComponents/ShadowElevations (26.0.0)
  - MaterialComponents/ShadowLayer (26.0.0)
  - MaterialComponents/Themes (26.0.0)
  - MaterialComponents/Typography (26.0.0):
    - MaterialComponents/private/Application
  - MDFTextAccessibility (1.2.0)
  - nanopb (0.3.8):
    - nanopb/decode (= 0.3.8)
    - nanopb/encode (= 0.3.8)
  - nanopb/decode (0.3.8)
  - nanopb/encode (0.3.8)

DEPENDENCIES:
  - Firebase/Auth (~> 4.0.4)
  - Firebase/Core (~> 4.0.4)
  - Firebase/Database (~> 4.0.4)
  - FirebaseUI/Auth (~> 4.1.1)
  - FirebaseUI/Facebook (~> 4.1.1)
  - FirebaseUI/Google (~> 4.1.1)
  - MaterialComponents/AppBar (~> 26.0.0)
  - MaterialComponents/AppBar/ColorThemer (~> 26.0.0)
  - MaterialComponents/Buttons (~> 26.0.0)
  - MaterialComponents/Buttons/ColorThemer (~> 26.0.0)
  - MaterialComponents/Typography (~> 26.0.0)

SPEC CHECKSUMS:
  Bolts: 8a7995239dbe724f9cba2248b766d48b7ebdd322
  FBSDKCoreKit: d7829f5a69901cd7296105328e4c3c3fc7da6518
  FBSDKLoginKit: 6b92bd65f319d669d2b0730e49db495ef1660566
  Firebase: 1492bf04e1b73a7353b4fb2cf5a20bac9692f341
  FirebaseAnalytics: ad41720e3e67fc63fbe3d2948d3e26932a8de311
  FirebaseAuth: ebb6abcbabae00fc47446d690c19ce68d8484fde
  FirebaseCore: cfc042628ef9f20debe09c0eb683135fcd404cb4
  FirebaseDatabase: d829b3a8c3e2ac7a16773c5df226966b0805dfc2
  FirebaseInstanceID: 9fbf536668f4d3f0880e7438456dabd1376e294b
  FirebaseUI: 5ebebe2c096c71f20abd1d43d0388958373bdaa0
  GoogleSignIn: d7ad83f13480e1f30453471d00d19b5293ac46af
  GoogleToolboxForMac: 8e329f1b599f2512c6b10676d45736bcc2cbbeb0
  GTMOAuth2: 7fc9c10f5c745f4d9850419ea88889fe3baa6b7d
  GTMSessionFetcher: 30d874b96d0d76028f61fbd122801e3f030d47db
  MaterialComponents: 5ca5a2d73c93a471add1d9b59db0a9b8d948bce3
  MDFTextAccessibility: 94098925e0853551c5a311ce7c1ecefbe297cdb6
  nanopb: 22bc080fa3955e2116b6ff3ee6c2cb3c15ab97cb

PODFILE CHECKSUM: 67f7f071ae2a7ab554e53d997b954724fce1ef03

COCOAPODS: 1.2.1
