PODS:
  - Bolts (1.8.4):
    - Bolts/AppLinks (= 1.8.4)
    - Bolts/Tasks (= 1.8.4)
  - Bolts/AppLinks (1.8.4):
    - Bolts/Tasks
  - Bolts/Tasks (1.8.4)
  - FBSDKCoreKit (4.24.0):
    - Bolts (~> 1.7)
  - FBSDKLoginKit (4.24.0):
    - FBSDKCoreKit
  - Firebase/Auth (4.0.4):
    - Firebase/Core
    - FirebaseAuth (= 4.0.0)
  - Firebase/Core (4.0.4):
    - FirebaseAnalytics (= 4.0.2)
    - FirebaseCore (= 4.0.4)
  - Firebase/Database (4.0.4):
    - Firebase/Core
    - FirebaseDatabase (= 4.0.0)
  - FirebaseAnalytics (4.0.2):
    - FirebaseCore (~> 4.0)
    - FirebaseInstanceID (~> 2.0)
    - GoogleToolboxForMac/NSData+zlib (~> 2.1)
  - FirebaseAuth (4.0.0):
    - FirebaseAnalytics (~> 4.0)
    - GoogleToolboxForMac/NSDictionary+URLArguments (~> 2.1)
    - GTMSessionFetcher/Core (~> 1.1)
  - FirebaseCore (4.0.4):
    - GoogleToolboxForMac/NSData+zlib (~> 2.1)
    - nanopb (~> 0.3)
  - FirebaseDatabase (4.0.0):
    - FirebaseAnalytics (~> 4.0)
  - FirebaseInstanceID (2.0.0):
    - FirebaseCore (~> 4.0)
  - FirebaseUI/Auth (4.0.0):
    - Firebase/Auth
  - FirebaseUI/Database (4.0.0):
    - Firebase/Database
  - FirebaseUI/Facebook (4.0.0):
    - FBSDKLoginKit (~> 4.0)
    - FirebaseUI/Auth
  - FirebaseUI/Google (4.0.0):
    - FirebaseUI/Auth
    - GoogleSignIn (~> 4.0)
  - GoogleSignIn (4.0.2):
    - GoogleToolboxForMac/NSDictionary+URLArguments (~> 2.1)
    - GoogleToolboxForMac/NSString+URLArguments (~> 2.1)
    - GTMOAuth2 (~> 1.0)
    - GTMSessionFetcher/Core (~> 1.1)
  - GoogleToolboxForMac/DebugUtils (2.1.1):
    - GoogleToolboxForMac/Defines (= 2.1.1)
  - GoogleToolboxForMac/Defines (2.1.1)
  - GoogleToolboxForMac/NSData+zlib (2.1.1):
    - GoogleToolboxForMac/Defines (= 2.1.1)
  - GoogleToolboxForMac/NSDictionary+URLArguments (2.1.1):
    - GoogleToolboxForMac/DebugUtils (= 2.1.1)
    - GoogleToolboxForMac/Defines (= 2.1.1)
    - GoogleToolboxForMac/NSString+URLArguments (= 2.1.1)
  - GoogleToolboxForMac/NSString+URLArguments (2.1.1)
  - GTMOAuth2 (1.1.4):
    - GTMSessionFetcher (~> 1.1)
  - GTMSessionFetcher (1.1.11):
    - GTMSessionFetcher/Full (= 1.1.11)
  - GTMSessionFetcher/Core (1.1.11)
  - GTMSessionFetcher/Full (1.1.11):
    - GTMSessionFetcher/Core (= 1.1.11)
  - MaterialComponents/AnimationTiming (29.0.0)
  - MaterialComponents/AppBar (29.0.0):
    - MaterialComponents/AppBar/ColorThemer (= 29.0.0)
    - MaterialComponents/AppBar/Component (= 29.0.0)
  - MaterialComponents/AppBar/ColorThemer (29.0.0):
    - MaterialComponents/AppBar/Component
    - MaterialComponents/Themes
  - MaterialComponents/AppBar/Component (29.0.0):
    - MaterialComponents/FlexibleHeader
    - MaterialComponents/HeaderStackView
    - MaterialComponents/NavigationBar
    - MaterialComponents/private/Icons/ic_arrow_back
    - MaterialComponents/private/RTL
    - MaterialComponents/ShadowElevations
    - MaterialComponents/ShadowLayer
    - MaterialComponents/Typography
  - MaterialComponents/ButtonBar/Component (29.0.0):
    - MaterialComponents/Buttons
    - MaterialComponents/private/RTL
  - MaterialComponents/Buttons (29.0.0):
    - MaterialComponents/Buttons/ColorThemer (= 29.0.0)
    - MaterialComponents/Buttons/Component (= 29.0.0)
    - MaterialComponents/Buttons/TitleColorAccessibilityMutator (= 29.0.0)
    - MaterialComponents/Ink
    - MaterialComponents/private/Math
    - MaterialComponents/ShadowElevations
    - MaterialComponents/ShadowLayer
    - MaterialComponents/Typography
    - MDFTextAccessibility
  - MaterialComponents/Buttons/ColorThemer (29.0.0):
    - MaterialComponents/Buttons/Component
    - MaterialComponents/Ink
    - MaterialComponents/private/Math
    - MaterialComponents/ShadowElevations
    - MaterialComponents/ShadowLayer
    - MaterialComponents/Themes
    - MaterialComponents/Typography
    - MDFTextAccessibility
  - MaterialComponents/Buttons/Component (29.0.0):
    - MaterialComponents/Ink
    - MaterialComponents/private/Math
    - MaterialComponents/ShadowElevations
    - MaterialComponents/ShadowLayer
    - MaterialComponents/Typography
    - MDFTextAccessibility
  - MaterialComponents/Buttons/TitleColorAccessibilityMutator (29.0.0):
    - MaterialComponents/Buttons/Component
    - MaterialComponents/Ink
    - MaterialComponents/private/Math
    - MaterialComponents/ShadowElevations
    - MaterialComponents/ShadowLayer
    - MaterialComponents/Typography
    - MDFTextAccessibility
  - MaterialComponents/FlexibleHeader (29.0.0):
    - MaterialComponents/FlexibleHeader/ColorThemer (= 29.0.0)
    - MaterialComponents/FlexibleHeader/Component (= 29.0.0)
    - MaterialComponents/private/Application
    - MDFTextAccessibility
  - MaterialComponents/FlexibleHeader/ColorThemer (29.0.0):
    - MaterialComponents/FlexibleHeader/Component
    - MaterialComponents/private/Application
    - MaterialComponents/Themes
    - MDFTextAccessibility
  - MaterialComponents/FlexibleHeader/Component (29.0.0):
    - MaterialComponents/private/Application
    - MDFTextAccessibility
  - MaterialComponents/HeaderStackView (29.0.0):
    - MaterialComponents/HeaderStackView/ColorThemer (= 29.0.0)
    - MaterialComponents/HeaderStackView/Component (= 29.0.0)
  - MaterialComponents/HeaderStackView/ColorThemer (29.0.0):
    - MaterialComponents/HeaderStackView/Component
    - MaterialComponents/Themes
  - MaterialComponents/HeaderStackView/Component (29.0.0)
  - MaterialComponents/Ink (29.0.0):
    - MaterialComponents/Ink/ColorThemer (= 29.0.0)
    - MaterialComponents/Ink/Component (= 29.0.0)
  - MaterialComponents/Ink/ColorThemer (29.0.0):
    - MaterialComponents/Ink/Component
    - MaterialComponents/Themes
  - MaterialComponents/Ink/Component (29.0.0)
  - MaterialComponents/NavigationBar (29.0.0):
    - MaterialComponents/NavigationBar/ColorThemer (= 29.0.0)
    - MaterialComponents/NavigationBar/Component (= 29.0.0)
  - MaterialComponents/NavigationBar/ColorThemer (29.0.0):
    - MaterialComponents/NavigationBar/Component
    - MaterialComponents/Themes
  - MaterialComponents/NavigationBar/Component (29.0.0):
    - MaterialComponents/ButtonBar/Component
    - MaterialComponents/private/Math
    - MaterialComponents/private/RTL
    - MaterialComponents/Typography
    - MDFTextAccessibility
  - MaterialComponents/OverlayWindow (29.0.0):
    - MaterialComponents/private/Application
  - MaterialComponents/private/Application (29.0.0)
  - MaterialComponents/private/Icons/Base (29.0.0)
  - MaterialComponents/private/Icons/ic_arrow_back (29.0.0):
    - MaterialComponents/private/Icons/Base
  - MaterialComponents/private/KeyboardWatcher (29.0.0):
    - MaterialComponents/private/Application
  - MaterialComponents/private/Math (29.0.0)
  - MaterialComponents/private/Overlay (29.0.0)
  - MaterialComponents/private/RTL (29.0.0)
  - MaterialComponents/ShadowElevations (29.0.0)
  - MaterialComponents/ShadowLayer (29.0.0)
  - MaterialComponents/Snackbar (29.0.0):
    - MaterialComponents/AnimationTiming
    - MaterialComponents/Buttons
    - MaterialComponents/OverlayWindow
    - MaterialComponents/private/Application
    - MaterialComponents/private/KeyboardWatcher
    - MaterialComponents/private/Overlay
    - MaterialComponents/Typography
  - MaterialComponents/Themes (29.0.0)
  - MaterialComponents/Typography (29.0.0):
    - MaterialComponents/private/Application
  - MDFTextAccessibility (1.2.0)
  - nanopb (0.3.8):
    - nanopb/decode (= 0.3.8)
    - nanopb/encode (= 0.3.8)
  - nanopb/decode (0.3.8)
  - nanopb/encode (0.3.8)

DEPENDENCIES:
  - Firebase/Auth (~> 4.0.0)
  - Firebase/Core (~> 4.0.0)
  - Firebase/Database (~> 4.0.0)
  - FirebaseUI/Auth (~> 4.0.0)
  - FirebaseUI/Database (~> 4.0.0)
  - FirebaseUI/Facebook (~> 4.0.0)
  - FirebaseUI/Google (~> 4.0.0)
  - MaterialComponents/AppBar (~> 29.0.0)
  - MaterialComponents/AppBar/ColorThemer (~> 29.0.0)
  - MaterialComponents/Buttons (~> 29.0.0)
  - MaterialComponents/Buttons/ColorThemer (~> 29.0.0)
  - MaterialComponents/Snackbar (~> 29.0.0)
  - MaterialComponents/Typography (~> 29.0.0)

SPEC CHECKSUMS:
  Bolts: 8a7995239dbe724f9cba2248b766d48b7ebdd322
  FBSDKCoreKit: f8c9eb0dd34a9cd277c7b60da4b32226d142502d
  FBSDKLoginKit: 1214c6d5a1c4995b694d8db8a9ba6910c6028acf
  Firebase: 1492bf04e1b73a7353b4fb2cf5a20bac9692f341
  FirebaseAnalytics: ad41720e3e67fc63fbe3d2948d3e26932a8de311
  FirebaseAuth: ebb6abcbabae00fc47446d690c19ce68d8484fde
  FirebaseCore: cfc042628ef9f20debe09c0eb683135fcd404cb4
  FirebaseDatabase: d829b3a8c3e2ac7a16773c5df226966b0805dfc2
  FirebaseInstanceID: 9fbf536668f4d3f0880e7438456dabd1376e294b
  FirebaseUI: b9de05bfb4768db05f64ea90fc2f6a07b819118f
  GoogleSignIn: d7ad83f13480e1f30453471d00d19b5293ac46af
  GoogleToolboxForMac: 8e329f1b599f2512c6b10676d45736bcc2cbbeb0
  GTMOAuth2: 7fc9c10f5c745f4d9850419ea88889fe3baa6b7d
  GTMSessionFetcher: 5ad62e8200fa00ed011fe5e08d27fef72c5b1429
  MaterialComponents: d0ae7d9b517a72608caaa609682fe2de41921ba0
  MDFTextAccessibility: 94098925e0853551c5a311ce7c1ecefbe297cdb6
  nanopb: 22bc080fa3955e2116b6ff3ee6c2cb3c15ab97cb

PODFILE CHECKSUM: c29b8f64290ce28e8a05b3491c7713a4346f0ffa

COCOAPODS: 1.2.1
